
Microsoft Visual Studio Solution File, Format Version 12.00
# Visual Studio Version 16
VisualStudioVersion = 16.0.30114.105
MinimumVisualStudioVersion = 10.0.40219.1
Project("{E68D2246-5B42-499A-A9EB-2E207F90D13C}") = "MyPetProject.ApiClient", "MyPetProject.ApiClient\MyPetProject.ApiClient.csproj", "{AA63AF15-A755-4BB3-923D-A99B2A9FFAF5}"
EndProject
Project("{E68D2246-5B42-499A-A9EB-2E207F90D13C}") = "MyPetProject.Tests", "MyPetProject.Tests\MyPetProject.Tests.csproj", "{AA68329C-FED7-47CF-A225-E00628F65EF7}"
EndProject
Project("{E68D2246-5B42-499A-A9EB-2E207F90D13C}") = "MyPetProject.WebApi", "MyPetProject.WebApi\MyPetProject.WebApi.csproj", "{A9F4C420-1620-48E8-9CD9-EF19ABD4EA94}"
EndProject
Project("{2150E333-8FDC-42A3-9474-1A3956D46DE8}") = "Modules", "Modules", "{B111C739-945C-4ACA-AA9C-D4162110CD82}"
EndProject
Project("{2150E333-8FDC-42A3-9474-1A3956D46DE8}") = "Auth", "Auth", "{F1E9865F-05F6-4D46-8D06-887F06E608CA}"
EndProject
Project("{E68D2246-5B42-499A-A9EB-2E207F90D13C}") = "MyPetProject.Auth", "Modules\Auth\MyPetProject.Auth\MyPetProject.Auth.csproj", "{59AEC61E-4F3D-4670-B2A6-7DC35D89A496}"
EndProject
Project("{E68D2246-5B42-499A-A9EB-2E207F90D13C}") = "MyPetProject.Auth.Contracts", "Modules\Auth\MyPetProject.Auth.Contracts\MyPetProject.Auth.Contracts.csproj", "{69A9E15A-0F68-4394-9965-6BC9A9D72998}"
EndProject
Project("{E68D2246-5B42-499A-A9EB-2E207F90D13C}") = "MyPetProject.Auth.Tests", "Modules\Auth\MyPetProject.Auth.Tests\MyPetProject.Auth.Tests.csproj", "{4085F3DC-A822-4ABA-AA0A-6C68D1EAADEA}"
EndProject
Project("{E68D2246-5B42-499A-A9EB-2E207F90D13C}") = "MyPetProject.Modularity", "MyPetProject.Modularity\MyPetProject.Modularity.csproj", "{8EBD88E6-BEF6-4470-BF89-ABAD10F89EED}"
EndProject
Project("{2150E333-8FDC-42A3-9474-1A3956D46DE8}") = "SomeModule", "SomeModule", "{34A61A63-3D4D-43CE-A5A4-8858651A8242}"
EndProject
Project("{FAE04EC0-301F-11D3-BF4B-00C04F79EFBC}") = "MyPetProject.SomeModule", "Modules\SomeModule\MyPetProject.SomeModule\MyPetProject.SomeModule.csproj", "{B838DC97-F38E-4CCA-B2E1-D000BF3C1638}"
EndProject
Project("{FAE04EC0-301F-11D3-BF4B-00C04F79EFBC}") = "MyPetProject.SomeModule.Contracts", "Modules\SomeModule\MyPetProject.SomeModule.Contracts\MyPetProject.SomeModule.Contracts.csproj", "{90F2FE46-57E1-4D1D-B84E-9EF78F509090}"
EndProject
Project("{FAE04EC0-301F-11D3-BF4B-00C04F79EFBC}") = "MyPetProject.SomeModule.Tests", "Modules\SomeModule\MyPetProject.SomeModule.Tests\MyPetProject.SomeModule.Tests.csproj", "{AB38FF15-6F76-456F-A5B7-3392BBC180E4}"
EndProject
Global
	GlobalSection(SolutionConfigurationPlatforms) = preSolution
		Debug|Any CPU = Debug|Any CPU
		Release|Any CPU = Release|Any CPU
	EndGlobalSection
	GlobalSection(SolutionProperties) = preSolution
		HideSolutionNode = FALSE
	EndGlobalSection
	GlobalSection(ProjectConfigurationPlatforms) = postSolution
		{AA63AF15-A755-4BB3-923D-A99B2A9FFAF5}.Debug|Any CPU.ActiveCfg = Debug|Any CPU
		{AA63AF15-A755-4BB3-923D-A99B2A9FFAF5}.Debug|Any CPU.Build.0 = Debug|Any CPU
		{AA63AF15-A755-4BB3-923D-A99B2A9FFAF5}.Release|Any CPU.ActiveCfg = Release|Any CPU
		{AA63AF15-A755-4BB3-923D-A99B2A9FFAF5}.Release|Any CPU.Build.0 = Release|Any CPU
		{AA68329C-FED7-47CF-A225-E00628F65EF7}.Debug|Any CPU.ActiveCfg = Debug|Any CPU
		{AA68329C-FED7-47CF-A225-E00628F65EF7}.Debug|Any CPU.Build.0 = Debug|Any CPU
		{AA68329C-FED7-47CF-A225-E00628F65EF7}.Release|Any CPU.ActiveCfg = Release|Any CPU
		{AA68329C-FED7-47CF-A225-E00628F65EF7}.Release|Any CPU.Build.0 = Release|Any CPU
		{A9F4C420-1620-48E8-9CD9-EF19ABD4EA94}.Debug|Any CPU.ActiveCfg = Debug|Any CPU
		{A9F4C420-1620-48E8-9CD9-EF19ABD4EA94}.Debug|Any CPU.Build.0 = Debug|Any CPU
		{A9F4C420-1620-48E8-9CD9-EF19ABD4EA94}.Release|Any CPU.ActiveCfg = Release|Any CPU
		{A9F4C420-1620-48E8-9CD9-EF19ABD4EA94}.Release|Any CPU.Build.0 = Release|Any CPU
		{59AEC61E-4F3D-4670-B2A6-7DC35D89A496}.Debug|Any CPU.ActiveCfg = Debug|Any CPU
		{59AEC61E-4F3D-4670-B2A6-7DC35D89A496}.Debug|Any CPU.Build.0 = Debug|Any CPU
		{59AEC61E-4F3D-4670-B2A6-7DC35D89A496}.Release|Any CPU.ActiveCfg = Release|Any CPU
		{59AEC61E-4F3D-4670-B2A6-7DC35D89A496}.Release|Any CPU.Build.0 = Release|Any CPU
		{69A9E15A-0F68-4394-9965-6BC9A9D72998}.Debug|Any CPU.ActiveCfg = Debug|Any CPU
		{69A9E15A-0F68-4394-9965-6BC9A9D72998}.Debug|Any CPU.Build.0 = Debug|Any CPU
		{69A9E15A-0F68-4394-9965-6BC9A9D72998}.Release|Any CPU.ActiveCfg = Release|Any CPU
		{69A9E15A-0F68-4394-9965-6BC9A9D72998}.Release|Any CPU.Build.0 = Release|Any CPU
		{4085F3DC-A822-4ABA-AA0A-6C68D1EAADEA}.Debug|Any CPU.ActiveCfg = Debug|Any CPU
		{4085F3DC-A822-4ABA-AA0A-6C68D1EAADEA}.Debug|Any CPU.Build.0 = Debug|Any CPU
		{4085F3DC-A822-4ABA-AA0A-6C68D1EAADEA}.Release|Any CPU.ActiveCfg = Release|Any CPU
		{4085F3DC-A822-4ABA-AA0A-6C68D1EAADEA}.Release|Any CPU.Build.0 = Release|Any CPU
		{8EBD88E6-BEF6-4470-BF89-ABAD10F89EED}.Debug|Any CPU.ActiveCfg = Debug|Any CPU
		{8EBD88E6-BEF6-4470-BF89-ABAD10F89EED}.Debug|Any CPU.Build.0 = Debug|Any CPU
		{8EBD88E6-BEF6-4470-BF89-ABAD10F89EED}.Release|Any CPU.ActiveCfg = Release|Any CPU
		{8EBD88E6-BEF6-4470-BF89-ABAD10F89EED}.Release|Any CPU.Build.0 = Release|Any CPU
		{B838DC97-F38E-4CCA-B2E1-D000BF3C1638}.Debug|Any CPU.ActiveCfg = Debug|Any CPU
		{B838DC97-F38E-4CCA-B2E1-D000BF3C1638}.Debug|Any CPU.Build.0 = Debug|Any CPU
		{B838DC97-F38E-4CCA-B2E1-D000BF3C1638}.Release|Any CPU.ActiveCfg = Release|Any CPU
		{B838DC97-F38E-4CCA-B2E1-D000BF3C1638}.Release|Any CPU.Build.0 = Release|Any CPU
		{90F2FE46-57E1-4D1D-B84E-9EF78F509090}.Debug|Any CPU.ActiveCfg = Debug|Any CPU
		{90F2FE46-57E1-4D1D-B84E-9EF78F509090}.Debug|Any CPU.Build.0 = Debug|Any CPU
		{90F2FE46-57E1-4D1D-B84E-9EF78F509090}.Release|Any CPU.ActiveCfg = Release|Any CPU
		{90F2FE46-57E1-4D1D-B84E-9EF78F509090}.Release|Any CPU.Build.0 = Release|Any CPU
		{AB38FF15-6F76-456F-A5B7-3392BBC180E4}.Debug|Any CPU.ActiveCfg = Debug|Any CPU
		{AB38FF15-6F76-456F-A5B7-3392BBC180E4}.Debug|Any CPU.Build.0 = Debug|Any CPU
		{AB38FF15-6F76-456F-A5B7-3392BBC180E4}.Release|Any CPU.ActiveCfg = Release|Any CPU
		{AB38FF15-6F76-456F-A5B7-3392BBC180E4}.Release|Any CPU.Build.0 = Release|Any CPU
	EndGlobalSection
	GlobalSection(NestedProjects) = preSolution
		{F1E9865F-05F6-4D46-8D06-887F06E608CA} = {B111C739-945C-4ACA-AA9C-D4162110CD82}
		{59AEC61E-4F3D-4670-B2A6-7DC35D89A496} = {F1E9865F-05F6-4D46-8D06-887F06E608CA}
		{69A9E15A-0F68-4394-9965-6BC9A9D72998} = {F1E9865F-05F6-4D46-8D06-887F06E608CA}
		{4085F3DC-A822-4ABA-AA0A-6C68D1EAADEA} = {F1E9865F-05F6-4D46-8D06-887F06E608CA}
		{34A61A63-3D4D-43CE-A5A4-8858651A8242} = {B111C739-945C-4ACA-AA9C-D4162110CD82}
		{B838DC97-F38E-4CCA-B2E1-D000BF3C1638} = {34A61A63-3D4D-43CE-A5A4-8858651A8242}
		{90F2FE46-57E1-4D1D-B84E-9EF78F509090} = {34A61A63-3D4D-43CE-A5A4-8858651A8242}
		{AB38FF15-6F76-456F-A5B7-3392BBC180E4} = {34A61A63-3D4D-43CE-A5A4-8858651A8242}
	EndGlobalSection
EndGlobal
